
Microsoft Visual Studio Solution File, Format Version 12.00
# Visual Studio 15
VisualStudioVersion = 15.0.26430.16
MinimumVisualStudioVersion = 10.0.40219.1
Project("{9A19103F-16F7-4668-BE54-9A1E7A4F7556}") = "Substitute.Fody", "Substitute.Fody\Substitute.Fody.csproj", "{9AF0FE45-9667-4033-93A5-799846B1A19A}"
EndProject
Project("{FAE04EC0-301F-11D3-BF4B-00C04F79EFBC}") = "Tests", "Tests\Tests.csproj", "{B3C4B812-EFBB-4261-BF94-7BFC57CFAA9F}"
	ProjectSection(ProjectDependencies) = postProject
		{B2C8028C-5BA6-4916-8AB3-A0ED95BE5FDA} = {B2C8028C-5BA6-4916-8AB3-A0ED95BE5FDA}
	EndProjectSection
EndProject
Project("{FAE04EC0-301F-11D3-BF4B-00C04F79EFBC}") = "AssemblyToProcess", "AssemblyToProcess\AssemblyToProcess.csproj", "{270EBFBC-0421-4522-AA40-84D66238A19F}"
EndProject
Project("{9A19103F-16F7-4668-BE54-9A1E7A4F7556}") = "Substitute", "Substitute\Substitute.csproj", "{88856D9C-8C44-4F9C-8B3D-6C29CCC7B08E}"
EndProject
Project("{2150E333-8FDC-42A3-9474-1A3956D46DE8}") = "Solution Items", "Solution Items", "{658C631F-94E7-40FC-96D5-DF82FFF8B844}"
	ProjectSection(SolutionItems) = preProject
		appveyor.yml = appveyor.yml
		Common.props = Common.props
		Directory.Build.props = Directory.Build.props
		LICENSE = LICENSE
		README.md = README.md
		Relase notes.md = Relase notes.md
	EndProjectSection
EndProject
Project("{FAE04EC0-301F-11D3-BF4B-00C04F79EFBC}") = "MultiBuild", "AssemblyToProcess\MultiBuild.csproj", "{B2C8028C-5BA6-4916-8AB3-A0ED95BE5FDA}"
EndProject
Project("{FAE04EC0-301F-11D3-BF4B-00C04F79EFBC}") = "WeaverSmokeTestCS", "WeaverSmokeTestCS\WeaverSmokeTestCS.csproj", "{404D3C7D-A318-40EB-9D48-05615AD02EBB}"
EndProject
Project("{F184B08F-C81C-45F6-A57F-5ABD9991F28F}") = "WeaverSmokeTestVB", "WeaverSmokeTestVB\WeaverSmokeTestVB.vbproj", "{DAF6EA3A-E5F3-44EC-87D7-E3E33E4D4E99}"
EndProject
Project("{FAE04EC0-301F-11D3-BF4B-00C04F79EFBC}") = "WeaverSmokeTestShared", "WeaverSmokeTestShared\WeaverSmokeTestShared.csproj", "{8C739463-BFC8-4476-AF7E-42EEF7F6C501}"
EndProject
Global
	GlobalSection(SolutionConfigurationPlatforms) = preSolution
		Debug|Any CPU = Debug|Any CPU
		Release|Any CPU = Release|Any CPU
	EndGlobalSection
	GlobalSection(ProjectConfigurationPlatforms) = postSolution
		{9AF0FE45-9667-4033-93A5-799846B1A19A}.Debug|Any CPU.ActiveCfg = Debug|Any CPU
		{9AF0FE45-9667-4033-93A5-799846B1A19A}.Debug|Any CPU.Build.0 = Debug|Any CPU
		{9AF0FE45-9667-4033-93A5-799846B1A19A}.Release|Any CPU.ActiveCfg = Release|Any CPU
		{9AF0FE45-9667-4033-93A5-799846B1A19A}.Release|Any CPU.Build.0 = Release|Any CPU
		{B3C4B812-EFBB-4261-BF94-7BFC57CFAA9F}.Debug|Any CPU.ActiveCfg = Debug|Any CPU
		{B3C4B812-EFBB-4261-BF94-7BFC57CFAA9F}.Debug|Any CPU.Build.0 = Debug|Any CPU
		{B3C4B812-EFBB-4261-BF94-7BFC57CFAA9F}.Release|Any CPU.ActiveCfg = Release|Any CPU
		{B3C4B812-EFBB-4261-BF94-7BFC57CFAA9F}.Release|Any CPU.Build.0 = Release|Any CPU
		{270EBFBC-0421-4522-AA40-84D66238A19F}.Debug|Any CPU.ActiveCfg = Debug|Any CPU
		{270EBFBC-0421-4522-AA40-84D66238A19F}.Release|Any CPU.ActiveCfg = Release|Any CPU
		{88856D9C-8C44-4F9C-8B3D-6C29CCC7B08E}.Debug|Any CPU.ActiveCfg = Debug|Any CPU
		{88856D9C-8C44-4F9C-8B3D-6C29CCC7B08E}.Debug|Any CPU.Build.0 = Debug|Any CPU
		{88856D9C-8C44-4F9C-8B3D-6C29CCC7B08E}.Release|Any CPU.ActiveCfg = Release|Any CPU
		{88856D9C-8C44-4F9C-8B3D-6C29CCC7B08E}.Release|Any CPU.Build.0 = Release|Any CPU
		{B2C8028C-5BA6-4916-8AB3-A0ED95BE5FDA}.Debug|Any CPU.ActiveCfg = Debug|Any CPU
		{B2C8028C-5BA6-4916-8AB3-A0ED95BE5FDA}.Debug|Any CPU.Build.0 = Debug|Any CPU
		{B2C8028C-5BA6-4916-8AB3-A0ED95BE5FDA}.Release|Any CPU.ActiveCfg = Release|Any CPU
		{B2C8028C-5BA6-4916-8AB3-A0ED95BE5FDA}.Release|Any CPU.Build.0 = Release|Any CPU
		{404D3C7D-A318-40EB-9D48-05615AD02EBB}.Debug|Any CPU.ActiveCfg = Debug|Any CPU
		{404D3C7D-A318-40EB-9D48-05615AD02EBB}.Debug|Any CPU.Build.0 = Debug|Any CPU
		{404D3C7D-A318-40EB-9D48-05615AD02EBB}.Release|Any CPU.ActiveCfg = Release|Any CPU
		{404D3C7D-A318-40EB-9D48-05615AD02EBB}.Release|Any CPU.Build.0 = Release|Any CPU
		{DAF6EA3A-E5F3-44EC-87D7-E3E33E4D4E99}.Debug|Any CPU.ActiveCfg = Debug|Any CPU
		{DAF6EA3A-E5F3-44EC-87D7-E3E33E4D4E99}.Debug|Any CPU.Build.0 = Debug|Any CPU
		{DAF6EA3A-E5F3-44EC-87D7-E3E33E4D4E99}.Release|Any CPU.ActiveCfg = Release|Any CPU
		{DAF6EA3A-E5F3-44EC-87D7-E3E33E4D4E99}.Release|Any CPU.Build.0 = Release|Any CPU
		{8C739463-BFC8-4476-AF7E-42EEF7F6C501}.Debug|Any CPU.ActiveCfg = Debug|Any CPU
		{8C739463-BFC8-4476-AF7E-42EEF7F6C501}.Debug|Any CPU.Build.0 = Debug|Any CPU
		{8C739463-BFC8-4476-AF7E-42EEF7F6C501}.Release|Any CPU.ActiveCfg = Release|Any CPU
		{8C739463-BFC8-4476-AF7E-42EEF7F6C501}.Release|Any CPU.Build.0 = Release|Any CPU
	EndGlobalSection
	GlobalSection(SolutionProperties) = preSolution
		HideSolutionNode = FALSE
	EndGlobalSection
	GlobalSection(ExtensibilityGlobals) = postSolution
		SolutionGuid = {ADE01C94-1EFA-43BB-A370-87137B9D948D}
	EndGlobalSection
EndGlobal
